
Microsoft Visual Studio Solution File, Format Version 12.00
# Visual Studio Version 16
VisualStudioVersion = 16.0.30204.135
MinimumVisualStudioVersion = 10.0.40219.1
Project("{9A19103F-16F7-4668-BE54-9A1E7A4F7556}") = "Man.Ux", "Man.Ux\Man.Ux.csproj", "{7205B45D-3D20-4ABE-9C8D-4C9EBAA64E25}"
EndProject
Project("{2150E333-8FDC-42A3-9474-1A3956D46DE8}") = ".git", ".git", "{242A0A53-223C-47BE-822A-3B5ACFC06FD3}"
	ProjectSection(SolutionItems) = preProject
		.gitignore = .gitignore
	EndProjectSection
EndProject
Project("{FAE04EC0-301F-11D3-BF4B-00C04F79EFBC}") = "Wc.Engine", "Wc.Engine\Wc.Engine.csproj", "{A3453396-7F30-4E6C-82EC-5BD6A013FE96}"
EndProject
Global
	GlobalSection(SolutionConfigurationPlatforms) = preSolution
		Debug|Any CPU = Debug|Any CPU
		Release|Any CPU = Release|Any CPU
	EndGlobalSection
	GlobalSection(ProjectConfigurationPlatforms) = postSolution
		{7205B45D-3D20-4ABE-9C8D-4C9EBAA64E25}.Debug|Any CPU.ActiveCfg = Debug|Any CPU
		{7205B45D-3D20-4ABE-9C8D-4C9EBAA64E25}.Debug|Any CPU.Build.0 = Debug|Any CPU
		{7205B45D-3D20-4ABE-9C8D-4C9EBAA64E25}.Release|Any CPU.ActiveCfg = Release|Any CPU
		{7205B45D-3D20-4ABE-9C8D-4C9EBAA64E25}.Release|Any CPU.Build.0 = Release|Any CPU
		{A3453396-7F30-4E6C-82EC-5BD6A013FE96}.Debug|Any CPU.ActiveCfg = Debug|Any CPU
		{A3453396-7F30-4E6C-82EC-5BD6A013FE96}.Debug|Any CPU.Build.0 = Debug|Any CPU
		{A3453396-7F30-4E6C-82EC-5BD6A013FE96}.Release|Any CPU.ActiveCfg = Release|Any CPU
		{A3453396-7F30-4E6C-82EC-5BD6A013FE96}.Release|Any CPU.Build.0 = Release|Any CPU
	EndGlobalSection
	GlobalSection(SolutionProperties) = preSolution
		HideSolutionNode = FALSE
	EndGlobalSection
	GlobalSection(ExtensibilityGlobals) = postSolution
		SolutionGuid = {E9680C84-E26F-4AB4-825B-33964E96EE20}
	EndGlobalSection
EndGlobal
